// !$*UTF8*$!
{
	archiveVersion = 1;
	classes = {
	};
	objectVersion = 56;
	objects = {

/* Begin PBXBuildFile section */
		91995DA72BA6AAFD007F51C7 /* AppDelegate.swift in Sources */ = {isa = PBXBuildFile; fileRef = 91995DA62BA6AAFD007F51C7 /* AppDelegate.swift */; };
		91995DA92BA6AAFD007F51C7 /* SceneDelegate.swift in Sources */ = {isa = PBXBuildFile; fileRef = 91995DA82BA6AAFD007F51C7 /* SceneDelegate.swift */; };
		91995DAB2BA6AAFD007F51C7 /* NotesViewController.swift in Sources */ = {isa = PBXBuildFile; fileRef = 91995DAA2BA6AAFD007F51C7 /* NotesViewController.swift */; };
		91995DB02BA6AAFE007F51C7 /* Assets.xcassets in Resources */ = {isa = PBXBuildFile; fileRef = 91995DAF2BA6AAFE007F51C7 /* Assets.xcassets */; };
		91995DB32BA6AAFE007F51C7 /* LaunchScreen.storyboard in Resources */ = {isa = PBXBuildFile; fileRef = 91995DB12BA6AAFE007F51C7 /* LaunchScreen.storyboard */; };
		91995DBC2BA6D77D007F51C7 /* NotesTableCell.swift in Sources */ = {isa = PBXBuildFile; fileRef = 91995DBB2BA6D77D007F51C7 /* NotesTableCell.swift */; };
		91995DBF2BA6EA28007F51C7 /* EditNotesController.swift in Sources */ = {isa = PBXBuildFile; fileRef = 91995DBE2BA6EA28007F51C7 /* EditNotesController.swift */; };
		91995DC22BA71DFF007F51C7 /* CreateNotesViewController.swift in Sources */ = {isa = PBXBuildFile; fileRef = 91995DC12BA71DFF007F51C7 /* CreateNotesViewController.swift */; };
		91995DC42BA720A7007F51C7 /* NotesViewModel.swift in Sources */ = {isa = PBXBuildFile; fileRef = 91995DC32BA720A7007F51C7 /* NotesViewModel.swift */; };
		91995DC72BA72550007F51C7 /* NotesStruct.swift in Sources */ = {isa = PBXBuildFile; fileRef = 91995DC62BA72550007F51C7 /* NotesStruct.swift */; };
		91995DCA2BA725B0007F51C7 /* NotesDataModel.xcdatamodeld in Sources */ = {isa = PBXBuildFile; fileRef = 91995DC82BA725B0007F51C7 /* NotesDataModel.xcdatamodeld */; };
		91995DCD2BA72972007F51C7 /* NotesStore.swift in Sources */ = {isa = PBXBuildFile; fileRef = 91995DCC2BA72972007F51C7 /* NotesStore.swift */; };
		91995DCF2BA7360E007F51C7 /* NotesDataProviderDelegate.swift in Sources */ = {isa = PBXBuildFile; fileRef = 91995DCE2BA7360E007F51C7 /* NotesDataProviderDelegate.swift */; };
		91995DD12BA7372B007F51C7 /* Binding.swift in Sources */ = {isa = PBXBuildFile; fileRef = 91995DD02BA7372B007F51C7 /* Binding.swift */; };
/* End PBXBuildFile section */

/* Begin PBXFileReference section */
		91995DA32BA6AAFD007F51C7 /* NOTES_APP_CFT_SHIFT.app */ = {isa = PBXFileReference; explicitFileType = wrapper.application; includeInIndex = 0; path = NOTES_APP_CFT_SHIFT.app; sourceTree = BUILT_PRODUCTS_DIR; };
		91995DA62BA6AAFD007F51C7 /* AppDelegate.swift */ = {isa = PBXFileReference; lastKnownFileType = sourcecode.swift; path = AppDelegate.swift; sourceTree = "<group>"; };
		91995DA82BA6AAFD007F51C7 /* SceneDelegate.swift */ = {isa = PBXFileReference; lastKnownFileType = sourcecode.swift; path = SceneDelegate.swift; sourceTree = "<group>"; };
		91995DAA2BA6AAFD007F51C7 /* NotesViewController.swift */ = {isa = PBXFileReference; lastKnownFileType = sourcecode.swift; path = NotesViewController.swift; sourceTree = "<group>"; };
		91995DAF2BA6AAFE007F51C7 /* Assets.xcassets */ = {isa = PBXFileReference; lastKnownFileType = folder.assetcatalog; path = Assets.xcassets; sourceTree = "<group>"; };
		91995DB22BA6AAFE007F51C7 /* Base */ = {isa = PBXFileReference; lastKnownFileType = file.storyboard; name = Base; path = Base.lproj/LaunchScreen.storyboard; sourceTree = "<group>"; };
		91995DB42BA6AAFE007F51C7 /* Info.plist */ = {isa = PBXFileReference; lastKnownFileType = text.plist.xml; path = Info.plist; sourceTree = "<group>"; };
		91995DBB2BA6D77D007F51C7 /* NotesTableCell.swift */ = {isa = PBXFileReference; lastKnownFileType = sourcecode.swift; path = NotesTableCell.swift; sourceTree = "<group>"; };
		91995DBE2BA6EA28007F51C7 /* EditNotesController.swift */ = {isa = PBXFileReference; lastKnownFileType = sourcecode.swift; path = EditNotesController.swift; sourceTree = "<group>"; };
		91995DC12BA71DFF007F51C7 /* CreateNotesViewController.swift */ = {isa = PBXFileReference; lastKnownFileType = sourcecode.swift; path = CreateNotesViewController.swift; sourceTree = "<group>"; };
		91995DC32BA720A7007F51C7 /* NotesViewModel.swift */ = {isa = PBXFileReference; lastKnownFileType = sourcecode.swift; path = NotesViewModel.swift; sourceTree = "<group>"; };
		91995DC62BA72550007F51C7 /* NotesStruct.swift */ = {isa = PBXFileReference; lastKnownFileType = sourcecode.swift; path = NotesStruct.swift; sourceTree = "<group>"; };
		91995DC92BA725B0007F51C7 /* NotesCoreData.xcdatamodel */ = {isa = PBXFileReference; lastKnownFileType = wrapper.xcdatamodel; path = NotesCoreData.xcdatamodel; sourceTree = "<group>"; };
		91995DCC2BA72972007F51C7 /* NotesStore.swift */ = {isa = PBXFileReference; lastKnownFileType = sourcecode.swift; path = NotesStore.swift; sourceTree = "<group>"; };
		91995DCE2BA7360E007F51C7 /* NotesDataProviderDelegate.swift */ = {isa = PBXFileReference; lastKnownFileType = sourcecode.swift; path = NotesDataProviderDelegate.swift; sourceTree = "<group>"; };
		91995DD02BA7372B007F51C7 /* Binding.swift */ = {isa = PBXFileReference; lastKnownFileType = sourcecode.swift; path = Binding.swift; sourceTree = "<group>"; };
/* End PBXFileReference section */

/* Begin PBXFrameworksBuildPhase section */
		91995DA02BA6AAFD007F51C7 /* Frameworks */ = {
			isa = PBXFrameworksBuildPhase;
			buildActionMask = 2147483647;
			files = (
			);
			runOnlyForDeploymentPostprocessing = 0;
		};
/* End PBXFrameworksBuildPhase section */

/* Begin PBXGroup section */
		91995D9A2BA6AAFD007F51C7 = {
			isa = PBXGroup;
			children = (
				91995DA52BA6AAFD007F51C7 /* NOTES_APP_CFT_SHIFT */,
				91995DA42BA6AAFD007F51C7 /* Products */,
			);
			sourceTree = "<group>";
		};
		91995DA42BA6AAFD007F51C7 /* Products */ = {
			isa = PBXGroup;
			children = (
				91995DA32BA6AAFD007F51C7 /* NOTES_APP_CFT_SHIFT.app */,
			);
			name = Products;
			sourceTree = "<group>";
		};
		91995DA52BA6AAFD007F51C7 /* NOTES_APP_CFT_SHIFT */ = {
			isa = PBXGroup;
			children = (
				91995DA82BA6AAFD007F51C7 /* SceneDelegate.swift */,
				91995DA62BA6AAFD007F51C7 /* AppDelegate.swift */,
				91995DC02BA71DE9007F51C7 /* CreateNotes */,
				91995DBD2BA6E9FC007F51C7 /* EditNotes */,
				91995DBA2BA6D765007F51C7 /* Notes */,
				91995DC52BA7252F007F51C7 /* NotesStruct */,
				91995DCB2BA725C3007F51C7 /* CoreData */,
				91995DD02BA7372B007F51C7 /* Binding.swift */,
				91995DAF2BA6AAFE007F51C7 /* Assets.xcassets */,
				91995DB12BA6AAFE007F51C7 /* LaunchScreen.storyboard */,
				91995DB42BA6AAFE007F51C7 /* Info.plist */,
			);
			path = NOTES_APP_CFT_SHIFT;
			sourceTree = "<group>";
		};
		91995DBA2BA6D765007F51C7 /* Notes */ = {
			isa = PBXGroup;
			children = (
				91995DC32BA720A7007F51C7 /* NotesViewModel.swift */,
				91995DAA2BA6AAFD007F51C7 /* NotesViewController.swift */,
				91995DBB2BA6D77D007F51C7 /* NotesTableCell.swift */,
			);
			path = Notes;
			sourceTree = "<group>";
		};
		91995DBD2BA6E9FC007F51C7 /* EditNotes */ = {
			isa = PBXGroup;
			children = (
				91995DBE2BA6EA28007F51C7 /* EditNotesController.swift */,
			);
			path = EditNotes;
			sourceTree = "<group>";
		};
		91995DC02BA71DE9007F51C7 /* CreateNotes */ = {
			isa = PBXGroup;
			children = (
				91995DC12BA71DFF007F51C7 /* CreateNotesViewController.swift */,
			);
			path = CreateNotes;
			sourceTree = "<group>";
		};
		91995DC52BA7252F007F51C7 /* NotesStruct */ = {
			isa = PBXGroup;
			children = (
				91995DC62BA72550007F51C7 /* NotesStruct.swift */,
			);
			path = NotesStruct;
			sourceTree = "<group>";
		};
		91995DCB2BA725C3007F51C7 /* CoreData */ = {
			isa = PBXGroup;
			children = (
				91995DC82BA725B0007F51C7 /* NotesDataModel.xcdatamodeld */,
				91995DCC2BA72972007F51C7 /* NotesStore.swift */,
				91995DCE2BA7360E007F51C7 /* NotesDataProviderDelegate.swift */,
			);
			path = CoreData;
			sourceTree = "<group>";
		};
/* End PBXGroup section */

/* Begin PBXNativeTarget section */
		91995DA22BA6AAFD007F51C7 /* NOTES_APP_CFT_SHIFT */ = {
			isa = PBXNativeTarget;
			buildConfigurationList = 91995DB72BA6AAFE007F51C7 /* Build configuration list for PBXNativeTarget "NOTES_APP_CFT_SHIFT" */;
			buildPhases = (
				91995D9F2BA6AAFD007F51C7 /* Sources */,
				91995DA02BA6AAFD007F51C7 /* Frameworks */,
				91995DA12BA6AAFD007F51C7 /* Resources */,
			);
			buildRules = (
			);
			dependencies = (
			);
			name = NOTES_APP_CFT_SHIFT;
			productName = NOTES_APP_CFT_SHIFT;
			productReference = 91995DA32BA6AAFD007F51C7 /* NOTES_APP_CFT_SHIFT.app */;
			productType = "com.apple.product-type.application";
		};
/* End PBXNativeTarget section */

/* Begin PBXProject section */
		91995D9B2BA6AAFD007F51C7 /* Project object */ = {
			isa = PBXProject;
			attributes = {
				BuildIndependentTargetsInParallel = 1;
				LastSwiftUpdateCheck = 1500;
				LastUpgradeCheck = 1500;
				TargetAttributes = {
					91995DA22BA6AAFD007F51C7 = {
						CreatedOnToolsVersion = 15.0;
					};
				};
			};
			buildConfigurationList = 91995D9E2BA6AAFD007F51C7 /* Build configuration list for PBXProject "NOTES_APP_CFT_SHIFT" */;
			compatibilityVersion = "Xcode 14.0";
			developmentRegion = en;
			hasScannedForEncodings = 0;
			knownRegions = (
				en,
				Base,
			);
			mainGroup = 91995D9A2BA6AAFD007F51C7;
			productRefGroup = 91995DA42BA6AAFD007F51C7 /* Products */;
			projectDirPath = "";
			projectRoot = "";
			targets = (
				91995DA22BA6AAFD007F51C7 /* NOTES_APP_CFT_SHIFT */,
			);
		};
/* End PBXProject section */

/* Begin PBXResourcesBuildPhase section */
		91995DA12BA6AAFD007F51C7 /* Resources */ = {
			isa = PBXResourcesBuildPhase;
			buildActionMask = 2147483647;
			files = (
				91995DB32BA6AAFE007F51C7 /* LaunchScreen.storyboard in Resources */,
				91995DB02BA6AAFE007F51C7 /* Assets.xcassets in Resources */,
			);
			runOnlyForDeploymentPostprocessing = 0;
		};
/* End PBXResourcesBuildPhase section */

/* Begin PBXSourcesBuildPhase section */
		91995D9F2BA6AAFD007F51C7 /* Sources */ = {
			isa = PBXSourcesBuildPhase;
			buildActionMask = 2147483647;
			files = (
				91995DBC2BA6D77D007F51C7 /* NotesTableCell.swift in Sources */,
				91995DCD2BA72972007F51C7 /* NotesStore.swift in Sources */,
				91995DAB2BA6AAFD007F51C7 /* NotesViewController.swift in Sources */,
				91995DC72BA72550007F51C7 /* NotesStruct.swift in Sources */,
				91995DA72BA6AAFD007F51C7 /* AppDelegate.swift in Sources */,
				91995DBF2BA6EA28007F51C7 /* EditNotesController.swift in Sources */,
				91995DCA2BA725B0007F51C7 /* NotesDataModel.xcdatamodeld in Sources */,
				91995DD12BA7372B007F51C7 /* Binding.swift in Sources */,
				91995DCF2BA7360E007F51C7 /* NotesDataProviderDelegate.swift in Sources */,
				91995DC22BA71DFF007F51C7 /* CreateNotesViewController.swift in Sources */,
				91995DA92BA6AAFD007F51C7 /* SceneDelegate.swift in Sources */,
				91995DC42BA720A7007F51C7 /* NotesViewModel.swift in Sources */,
			);
			runOnlyForDeploymentPostprocessing = 0;
		};
/* End PBXSourcesBuildPhase section */

/* Begin PBXVariantGroup section */
		91995DB12BA6AAFE007F51C7 /* LaunchScreen.storyboard */ = {
			isa = PBXVariantGroup;
			children = (
				91995DB22BA6AAFE007F51C7 /* Base */,
			);
			name = LaunchScreen.storyboard;
			sourceTree = "<group>";
		};
/* End PBXVariantGroup section */

/* Begin XCBuildConfiguration section */
		91995DB52BA6AAFE007F51C7 /* Debug */ = {
			isa = XCBuildConfiguration;
			buildSettings = {
				ALWAYS_SEARCH_USER_PATHS = NO;
				ASSETCATALOG_COMPILER_GENERATE_SWIFT_ASSET_SYMBOL_EXTENSIONS = YES;
				CLANG_ANALYZER_NONNULL = YES;
				CLANG_ANALYZER_NUMBER_OBJECT_CONVERSION = YES_AGGRESSIVE;
				CLANG_CXX_LANGUAGE_STANDARD = "gnu++20";
				CLANG_ENABLE_MODULES = YES;
				CLANG_ENABLE_OBJC_ARC = YES;
				CLANG_ENABLE_OBJC_WEAK = YES;
				CLANG_WARN_BLOCK_CAPTURE_AUTORELEASING = YES;
				CLANG_WARN_BOOL_CONVERSION = YES;
				CLANG_WARN_COMMA = YES;
				CLANG_WARN_CONSTANT_CONVERSION = YES;
				CLANG_WARN_DEPRECATED_OBJC_IMPLEMENTATIONS = YES;
				CLANG_WARN_DIRECT_OBJC_ISA_USAGE = YES_ERROR;
				CLANG_WARN_DOCUMENTATION_COMMENTS = YES;
				CLANG_WARN_EMPTY_BODY = YES;
				CLANG_WARN_ENUM_CONVERSION = YES;
				CLANG_WARN_INFINITE_RECURSION = YES;
				CLANG_WARN_INT_CONVERSION = YES;
				CLANG_WARN_NON_LITERAL_NULL_CONVERSION = YES;
				CLANG_WARN_OBJC_IMPLICIT_RETAIN_SELF = YES;
				CLANG_WARN_OBJC_LITERAL_CONVERSION = YES;
				CLANG_WARN_OBJC_ROOT_CLASS = YES_ERROR;
				CLANG_WARN_QUOTED_INCLUDE_IN_FRAMEWORK_HEADER = YES;
				CLANG_WARN_RANGE_LOOP_ANALYSIS = YES;
				CLANG_WARN_STRICT_PROTOTYPES = YES;
				CLANG_WARN_SUSPICIOUS_MOVE = YES;
				CLANG_WARN_UNGUARDED_AVAILABILITY = YES_AGGRESSIVE;
				CLANG_WARN_UNREACHABLE_CODE = YES;
				CLANG_WARN__DUPLICATE_METHOD_MATCH = YES;
				COPY_PHASE_STRIP = NO;
				DEBUG_INFORMATION_FORMAT = dwarf;
				ENABLE_STRICT_OBJC_MSGSEND = YES;
				ENABLE_TESTABILITY = YES;
				ENABLE_USER_SCRIPT_SANDBOXING = YES;
				GCC_C_LANGUAGE_STANDARD = gnu17;
				GCC_DYNAMIC_NO_PIC = NO;
				GCC_NO_COMMON_BLOCKS = YES;
				GCC_OPTIMIZATION_LEVEL = 0;
				GCC_PREPROCESSOR_DEFINITIONS = (
					"DEBUG=1",
					"$(inherited)",
				);
				GCC_WARN_64_TO_32_BIT_CONVERSION = YES;
				GCC_WARN_ABOUT_RETURN_TYPE = YES_ERROR;
				GCC_WARN_UNDECLARED_SELECTOR = YES;
				GCC_WARN_UNINITIALIZED_AUTOS = YES_AGGRESSIVE;
				GCC_WARN_UNUSED_FUNCTION = YES;
				GCC_WARN_UNUSED_VARIABLE = YES;
				IPHONEOS_DEPLOYMENT_TARGET = 17.0;
				LOCALIZATION_PREFERS_STRING_CATALOGS = YES;
				MTL_ENABLE_DEBUG_INFO = INCLUDE_SOURCE;
				MTL_FAST_MATH = YES;
				ONLY_ACTIVE_ARCH = YES;
				SDKROOT = iphoneos;
				SWIFT_ACTIVE_COMPILATION_CONDITIONS = "DEBUG $(inherited)";
				SWIFT_OPTIMIZATION_LEVEL = "-Onone";
			};
			name = Debug;
		};
		91995DB62BA6AAFE007F51C7 /* Release */ = {
			isa = XCBuildConfiguration;
			buildSettings = {
				ALWAYS_SEARCH_USER_PATHS = NO;
				ASSETCATALOG_COMPILER_GENERATE_SWIFT_ASSET_SYMBOL_EXTENSIONS = YES;
				CLANG_ANALYZER_NONNULL = YES;
				CLANG_ANALYZER_NUMBER_OBJECT_CONVERSION = YES_AGGRESSIVE;
				CLANG_CXX_LANGUAGE_STANDARD = "gnu++20";
				CLANG_ENABLE_MODULES = YES;
				CLANG_ENABLE_OBJC_ARC = YES;
				CLANG_ENABLE_OBJC_WEAK = YES;
				CLANG_WARN_BLOCK_CAPTURE_AUTORELEASING = YES;
				CLANG_WARN_BOOL_CONVERSION = YES;
				CLANG_WARN_COMMA = YES;
				CLANG_WARN_CONSTANT_CONVERSION = YES;
				CLANG_WARN_DEPRECATED_OBJC_IMPLEMENTATIONS = YES;
				CLANG_WARN_DIRECT_OBJC_ISA_USAGE = YES_ERROR;
				CLANG_WARN_DOCUMENTATION_COMMENTS = YES;
				CLANG_WARN_EMPTY_BODY = YES;
				CLANG_WARN_ENUM_CONVERSION = YES;
				CLANG_WARN_INFINITE_RECURSION = YES;
				CLANG_WARN_INT_CONVERSION = YES;
				CLANG_WARN_NON_LITERAL_NULL_CONVERSION = YES;
				CLANG_WARN_OBJC_IMPLICIT_RETAIN_SELF = YES;
				CLANG_WARN_OBJC_LITERAL_CONVERSION = YES;
				CLANG_WARN_OBJC_ROOT_CLASS = YES_ERROR;
				CLANG_WARN_QUOTED_INCLUDE_IN_FRAMEWORK_HEADER = YES;
				CLANG_WARN_RANGE_LOOP_ANALYSIS = YES;
				CLANG_WARN_STRICT_PROTOTYPES = YES;
				CLANG_WARN_SUSPICIOUS_MOVE = YES;
				CLANG_WARN_UNGUARDED_AVAILABILITY = YES_AGGRESSIVE;
				CLANG_WARN_UNREACHABLE_CODE = YES;
				CLANG_WARN__DUPLICATE_METHOD_MATCH = YES;
				COPY_PHASE_STRIP = NO;
				DEBUG_INFORMATION_FORMAT = "dwarf-with-dsym";
				ENABLE_NS_ASSERTIONS = NO;
				ENABLE_STRICT_OBJC_MSGSEND = YES;
				ENABLE_USER_SCRIPT_SANDBOXING = YES;
				GCC_C_LANGUAGE_STANDARD = gnu17;
				GCC_NO_COMMON_BLOCKS = YES;
				GCC_WARN_64_TO_32_BIT_CONVERSION = YES;
				GCC_WARN_ABOUT_RETURN_TYPE = YES_ERROR;
				GCC_WARN_UNDECLARED_SELECTOR = YES;
				GCC_WARN_UNINITIALIZED_AUTOS = YES_AGGRESSIVE;
				GCC_WARN_UNUSED_FUNCTION = YES;
				GCC_WARN_UNUSED_VARIABLE = YES;
				IPHONEOS_DEPLOYMENT_TARGET = 17.0;
				LOCALIZATION_PREFERS_STRING_CATALOGS = YES;
				MTL_ENABLE_DEBUG_INFO = NO;
				MTL_FAST_MATH = YES;
				SDKROOT = iphoneos;
				SWIFT_COMPILATION_MODE = wholemodule;
				VALIDATE_PRODUCT = YES;
			};
			name = Release;
		};
		91995DB82BA6AAFE007F51C7 /* Debug */ = {
			isa = XCBuildConfiguration;
			buildSettings = {
				ASSETCATALOG_COMPILER_APPICON_NAME = AppIcon;
				ASSETCATALOG_COMPILER_GLOBAL_ACCENT_COLOR_NAME = AccentColor;
				CODE_SIGN_STYLE = Automatic;
				CURRENT_PROJECT_VERSION = 1;
				DEVELOPMENT_TEAM = FV5M76HD5M;
				GENERATE_INFOPLIST_FILE = YES;
				INFOPLIST_FILE = NOTES_APP_CFT_SHIFT/Info.plist;
				INFOPLIST_KEY_UIApplicationSupportsIndirectInputEvents = YES;
				INFOPLIST_KEY_UILaunchStoryboardName = LaunchScreen;
				INFOPLIST_KEY_UISupportedInterfaceOrientations_iPad = "UIInterfaceOrientationPortrait UIInterfaceOrientationPortraitUpsideDown UIInterfaceOrientationLandscapeLeft UIInterfaceOrientationLandscapeRight";
				INFOPLIST_KEY_UISupportedInterfaceOrientations_iPhone = "UIInterfaceOrientationPortrait UIInterfaceOrientationLandscapeLeft UIInterfaceOrientationLandscapeRight";
				LD_RUNPATH_SEARCH_PATHS = (
					"$(inherited)",
					"@executable_path/Frameworks",
				);
				MARKETING_VERSION = 1.0;
				PRODUCT_BUNDLE_IDENTIFIER = "ru.ketamine.practicum.NOTES-APP-CFT-SHIFT";
				PRODUCT_NAME = "$(TARGET_NAME)";
				SWIFT_EMIT_LOC_STRINGS = YES;
				SWIFT_VERSION = 5.0;
				TARGETED_DEVICE_FAMILY = "1,2";
			};
			name = Debug;
		};
		91995DB92BA6AAFE007F51C7 /* Release */ = {
			isa = XCBuildConfiguration;
			buildSettings = {
				ASSETCATALOG_COMPILER_APPICON_NAME = AppIcon;
				ASSETCATALOG_COMPILER_GLOBAL_ACCENT_COLOR_NAME = AccentColor;
				CODE_SIGN_STYLE = Automatic;
				CURRENT_PROJECT_VERSION = 1;
				DEVELOPMENT_TEAM = FV5M76HD5M;
				GENERATE_INFOPLIST_FILE = YES;
				INFOPLIST_FILE = NOTES_APP_CFT_SHIFT/Info.plist;
				INFOPLIST_KEY_UIApplicationSupportsIndirectInputEvents = YES;
				INFOPLIST_KEY_UILaunchStoryboardName = LaunchScreen;
				INFOPLIST_KEY_UISupportedInterfaceOrientations_iPad = "UIInterfaceOrientationPortrait UIInterfaceOrientationPortraitUpsideDown UIInterfaceOrientationLandscapeLeft UIInterfaceOrientationLandscapeRight";
				INFOPLIST_KEY_UISupportedInterfaceOrientations_iPhone = "UIInterfaceOrientationPortrait UIInterfaceOrientationLandscapeLeft UIInterfaceOrientationLandscapeRight";
				LD_RUNPATH_SEARCH_PATHS = (
					"$(inherited)",
					"@executable_path/Frameworks",
				);
				MARKETING_VERSION = 1.0;
				PRODUCT_BUNDLE_IDENTIFIER = "ru.ketamine.practicum.NOTES-APP-CFT-SHIFT";
				PRODUCT_NAME = "$(TARGET_NAME)";
				SWIFT_EMIT_LOC_STRINGS = YES;
				SWIFT_VERSION = 5.0;
				TARGETED_DEVICE_FAMILY = "1,2";
			};
			name = Release;
		};
/* End XCBuildConfiguration section */

/* Begin XCConfigurationList section */
		91995D9E2BA6AAFD007F51C7 /* Build configuration list for PBXProject "NOTES_APP_CFT_SHIFT" */ = {
			isa = XCConfigurationList;
			buildConfigurations = (
				91995DB52BA6AAFE007F51C7 /* Debug */,
				91995DB62BA6AAFE007F51C7 /* Release */,
			);
			defaultConfigurationIsVisible = 0;
			defaultConfigurationName = Release;
		};
		91995DB72BA6AAFE007F51C7 /* Build configuration list for PBXNativeTarget "NOTES_APP_CFT_SHIFT" */ = {
			isa = XCConfigurationList;
			buildConfigurations = (
				91995DB82BA6AAFE007F51C7 /* Debug */,
				91995DB92BA6AAFE007F51C7 /* Release */,
			);
			defaultConfigurationIsVisible = 0;
			defaultConfigurationName = Release;
		};
/* End XCConfigurationList section */

/* Begin XCVersionGroup section */
		91995DC82BA725B0007F51C7 /* NotesDataModel.xcdatamodeld */ = {
			isa = XCVersionGroup;
			children = (
				91995DC92BA725B0007F51C7 /* NotesCoreData.xcdatamodel */,
			);
			currentVersion = 91995DC92BA725B0007F51C7 /* NotesCoreData.xcdatamodel */;
			path = NotesDataModel.xcdatamodeld;
			sourceTree = "<group>";
			versionGroupType = wrapper.xcdatamodel;
		};
/* End XCVersionGroup section */
	};
	rootObject = 91995D9B2BA6AAFD007F51C7 /* Project object */;
}
